lockfileVersion: '9.0'

settings:
  autoInstallPeers: true
  excludeLinksFromLockfile: false

importers:

  .: {}

  packages/hooks:
    dependencies:
      '@demo/utils':
        specifier: workspace:*
        version: link:../utils
      react:
        specifier: ^19.0.0
        version: 19.3.0

  packages/ui:
    dependencies:
      '@demo/hooks':
        specifier: workspace:*
        version: link:../hooks
      '@demo/utils':
        specifier: workspace:*
        version: link:../utils
      '@floating-ui/dom':
        specifier: ^1.6.13
        version: 1.8.0
      class-variance-authority:
        specifier: ^0.7.1
        version: 0.7.1
      clsx:
        specifier: ^2.1.1
        version: 2.1.1
      react:
        specifier: ^19.0.0
        version: 19.3.0
      react-dom:
        specifier: ^19.0.0
        version: 19.3.0(react@19.3.0)
      tailwind-merge:
        specifier: ^3.0.0
        version: 3.7.0

  packages/utils:
    dependencies:
      '@floating-ui/dom':
        specifier: ^1.6.13
        version: 1.8.0
      clsx:
        specifier: ^2.1.1
        version: 2.1.1
      tailwind-merge:
        specifier: ^3.0.0
        version: 3.7.0

packages:

  '@floating-ui/core@1.8.0':
    resolution: {integrity: sha512-0CIZ5itps/8x7BG8dEIhs53BvCUH2PCoogtakwRTut+Arm58sJooJ0AuZhLw2HJYIR5cMLNPBSS728sPho2khQ==}

  '@floating-ui/dom@1.8.0':
    resolution: {integrity: sha512-yXSrzeHZBTZadLOlfyhCkJHNeLJnHRnRInwdZ40L7ZiaAtrBwoYlsDrX3v5zB1Utk7CLfzcOVnVVWoXEky7Ceg==}

  '@floating-ui/utils@0.2.12':
    resolution: {integrity: sha512-HpCo8tmWzLVad5s2d19EhAz5zqrrQ6s69qd6moPMQvkOuSwDT1YgRfWSVuc4ennqrgv3OHppiOGMQ7oC13yIww==}

  class-variance-authority@0.7.1:
    resolution: {integrity: sha512-Ka+9Trutv7G8M6WT6SeiRWz792K5qEqIGEGzXKhAE6xOWAY6pPH8U+9IY3oCMv6kqTmLsv7Xh/2w2RigkePMsg==}

  clsx@2.1.1:
    resolution: {integrity: sha512-eYm0QWBtUrBWZWG0d386OGAw16Z995PiOVo2B7bjWSbHedGl5e0ZWaq65kOGgUSNesEIDkB9ISbTg/JK9dhCZA==}
    engines: {node: '>=6'}

  react-dom@19.3.0:
    resolution: {integrity: sha512-JDk8dgif51OjFoDE70+OT9ICyYr+69HlmihNwp1+Nsfbna3t5sIiCa9ZJktDmQ4/1b/rn26hIAR2uYXDMr5r0Q==}
    peerDependencies:
      react: ^19.3.0

  react@19.3.0:
    resolution: {integrity: sha512-E8LUcbtBWt20bbl2YoHfx4ZDBdxVTfOKtCZn9cDSJ4l6/nuoApcpIBcj47t2wZoVX8g2ZHuMHbiShgCR1T5Sog==}
    engines: {node: '>=0.10.0'}

  scheduler@0.28.0:
    resolution: {integrity: sha512-juorfCmIkIw8tT+p5BXSm6PJjQF/ycEYmKyzURCIt/RaZIhL+PulbQ9Yu2z1HdOJDdqDTlxA1+xKBmHXJsczAw==}

  tailwind-merge@3.7.0:
    resolution: {integrity: sha512-XPPUyAc+cvspz3lHTcR/QgPfW2A0lv/xQNIjX3HGhLR+Nq2lHaLq5MtTesHn8GUr3W3DguT2KT5x3NVgRtYwmA==}

snapshots:

  '@floating-ui/core@1.8.0':
    dependencies:
      '@floating-ui/utils': 0.2.12

  '@floating-ui/dom@1.8.0':
    dependencies:
      '@floating-ui/core': 1.8.0
      '@floating-ui/utils': 0.2.12

  '@floating-ui/utils@0.2.12': {}

  class-variance-authority@0.7.1:
    dependencies:
      clsx: 2.1.1

  clsx@2.1.1: {}

  react-dom@19.3.0(react@19.3.0):
    dependencies:
      react: 19.3.0
      scheduler: 0.28.0

  react@19.3.0: {}

  scheduler@0.28.0: {}

  tailwind-merge@3.7.0: {}
